{
  "name": "npm_test",
  "lockfileVersion": 3,
  "requires": true,
  "packages": {
    "": {
      "dependencies": {
        "hana7_lee": "^0.1.0"
      }
    },
    "node_modules/date-fns": {
      "version": "4.1.0",
      "resolved": "https://registry.npmjs.org/date-fns/-/date-fns-4.1.0.tgz",
      "integrity": "sha512-Ukq0owbQXxa/U3EGtsdVBkR1w7KOQ5gIBqdH2hkvknzZPYvBxb/aa6E8L7tmjFtkwZBu3UXBbjIgPo/Ez4xaNg==",
      "license": "MIT",
      "funding": {
        "type": "github",
        "url": "https://github.com/sponsors/kossnocorp"
      }
    },
    "node_modules/hana7_lee": {
      "version": "0.1.0",
      "resolved": "https://registry.npmjs.org/hana7_lee/-/hana7_lee-0.1.0.tgz",
      "integrity": "sha512-WLmRGNGqExuiLvrv/Mfdw0GKo/JEEBtFlVfmeNZj2q+M9GnrjrPq0C+/YaKNARMZa2R2nPWI1o6y9YAf/8L9jA==",
      "license": "ISC",
      "dependencies": {
        "date-fns": "^4.1.0",
        "moment": "^2.30.1"
      }
    },
    "node_modules/moment": {
      "version": "2.30.1",
      "resolved": "https://registry.npmjs.org/moment/-/moment-2.30.1.tgz",
      "integrity": "sha512-uEmtNhbDOrWPFS+hdjFCBfy9f2YoyzRpwcl+DqpC6taX21FzsTLQVbMV/W7PzNSX6x/bhC1zA3c2UQ5NzH6how==",
      "license": "MIT",
      "engines": {
        "node": "*"
      }
    }
  }
}
